
Microsoft Visual Studio Solution File, Format Version 12.00
# Visual Studio 15
VisualStudioVersion = 15.0.27703.2042
MinimumVisualStudioVersion = 10.0.40219.1
Project("{F184B08F-C81C-45F6-A57F-5ABD9991F28F}") = "WpfMayaUtil", "WpfMayaUtil\WpfMayaUtil.vbproj", "{6930B634-C10D-45A5-844A-D18841FAACC4}"
EndProject
Global
	GlobalSection(SolutionConfigurationPlatforms) = preSolution
		Debug|Any CPU = Debug|Any CPU
		Release|Any CPU = Release|Any CPU
	EndGlobalSection
	GlobalSection(ProjectConfigurationPlatforms) = postSolution
		{6930B634-C10D-45A5-844A-D18841FAACC4}.Debug|Any CPU.ActiveCfg = Debug|Any CPU
		{6930B634-C10D-45A5-844A-D18841FAACC4}.Debug|Any CPU.Build.0 = Debug|Any CPU
		{6930B634-C10D-45A5-844A-D18841FAACC4}.Release|Any CPU.ActiveCfg = Release|Any CPU
		{6930B634-C10D-45A5-844A-D18841FAACC4}.Release|Any CPU.Build.0 = Release|Any CPU
	EndGlobalSection
	GlobalSection(SolutionProperties) = preSolution
		HideSolutionNode = FALSE
	EndGlobalSection
	GlobalSection(ExtensibilityGlobals) = postSolution
		SolutionGuid = {2070A9B4-5A32-4586-807E-9EE8B97E6AEC}
	EndGlobalSection
EndGlobal
